
Microsoft Visual Studio Solution File, Format Version 12.00
# Visual Studio Version 17
VisualStudioVersion = 17.9.34728.123
MinimumVisualStudioVersion = 10.0.40219.1
Project("{FAE04EC0-301F-11D3-BF4B-00C04F79EFBC}") = "CS_Form", "CS_Form\CS_Form.csproj", "{2E601BA6-272B-4C50-98B6-E31C55CD0718}"
EndProject
Global
	GlobalSection(SolutionConfigurationPlatforms) = preSolution
		Debug|Any CPU = Debug|Any CPU
		Release|Any CPU = Release|Any CPU
	EndGlobalSection
	GlobalSection(ProjectConfigurationPlatforms) = postSolution
		{2E601BA6-272B-4C50-98B6-E31C55CD0718}.Debug|Any CPU.ActiveCfg = Debug|Any CPU
		{2E601BA6-272B-4C50-98B6-E31C55CD0718}.Debug|Any CPU.Build.0 = Debug|Any CPU
		{2E601BA6-272B-4C50-98B6-E31C55CD0718}.Release|Any CPU.ActiveCfg = Release|Any CPU
		{2E601BA6-272B-4C50-98B6-E31C55CD0718}.Release|Any CPU.Build.0 = Release|Any CPU
	EndGlobalSection
	GlobalSection(SolutionProperties) = preSolution
		HideSolutionNode = FALSE
	EndGlobalSection
	GlobalSection(ExtensibilityGlobals) = postSolution
		SolutionGuid = {ADF20619-2F72-4E72-A6FD-F6CC905A03F4}
	EndGlobalSection
EndGlobal
